Microsoft Visual Studio Solution File, Format Version 11.00
# Visual Studio 2008

Project("{57CFC796-C5BD-8C0C-5DD6-09FD5249537D}") = "ToppyDowny", "Assembly-CSharp.csproj", "{FD72C38F-7683-D011-782B-8413CD789360}"
EndProject
Global
	GlobalSection(SolutionConfigurationPlatforms) = preSolution
		Debug|Any CPU = Debug|Any CPU
		Release|Any CPU = Release|Any CPU
	EndGlobalSection
	GlobalSection(ProjectConfigurationPlatforms) = postSolution
		{FD72C38F-7683-D011-782B-8413CD789360}.Debug|Any CPU.ActiveCfg = Debug|Any CPU
		{FD72C38F-7683-D011-782B-8413CD789360}.Debug|Any CPU.Build.0 = Debug|Any CPU
		{FD72C38F-7683-D011-782B-8413CD789360}.Release|Any CPU.ActiveCfg = Release|Any CPU
		{FD72C38F-7683-D011-782B-8413CD789360}.Release|Any CPU.Build.0 = Release|Any CPU
	EndGlobalSection
	GlobalSection(SolutionProperties) = preSolution
		HideSolutionNode = FALSE
	EndGlobalSection
	GlobalSection(MonoDevelopProperties) = preSolution
		StartupItem = Assembly-CSharp.csproj
	EndGlobalSection
EndGlobal
